{
  "originHash" : "426167c36472378a41ffe894e5f6d2aa3d1cf8079d40f226c0b4d9576d5f1ed8",
  "pins" : [
    {
      "identity" : "bottomsheet",
      "kind" : "remoteSourceControl",
      "location" : "https://github.com/lucaszischka/BottomSheet",
      "state" : {
        "revision" : "720ddbd1371fef2a09cc1ab65fc503df37767f9c",
        "version" : "3.1.1"
      }
    },
    {
      "identity" : "swift-syntax",
      "kind" : "remoteSourceControl",
      "location" : "https://github.com/swiftlang/swift-syntax.git",
      "state" : {
        "revision" : "4799286537280063c85a32f09884cfbca301b1a1",
        "version" : "602.0.0"
      }
    },
    {
      "identity" : "visor",
      "kind" : "remoteSourceControl",
      "location" : "https://github.com/avdn-dev/VISOR",
      "state" : {
        "revision" : "9be5af39a68804e852107bef20fe4c3ec086cb1c",
        "version" : "8.0.0"
      }
    }
  ],
  "version" : 3
}
