{
  "originHash" : "20e3d507dd8eeddcd6f879f21fffbdf8e4b4f3fbbb67fb7a552790df5c1f9338",
  "pins" : [
    {
      "identity" : "swift-syntax",
      "kind" : "remoteSourceControl",
      "location" : "https://github.com/swiftlang/swift-syntax.git",
      "state" : {
        "revision" : "4799286537280063c85a32f09884cfbca301b1a1",
        "version" : "602.0.0"
      }
    },
    {
      "identity" : "visor",
      "kind" : "remoteSourceControl",
      "location" : "https://github.com/avdn-dev/VISOR.git",
      "state" : {
        "revision" : "8281ca20b434afdb5302e272677f62a2ab0f6806",
        "version" : "4.0.0"
      }
    }
  ],
  "version" : 3
}
