{
  "originHash" : "652ed08937e69f380f468f1ada0ca2d33bf30aaa6beb56b592bd7417555f7f1e",
  "pins" : [
    {
      "identity" : "apollo-ios",
      "kind" : "remoteSourceControl",
      "location" : "https://github.com/apollographql/apollo-ios",
      "state" : {
        "revision" : "fe14c216aaea3d25274343e80ccb3015fc3fb0b0",
        "version" : "2.4.0"
      }
    },
    {
      "identity" : "bottomsheet",
      "kind" : "remoteSourceControl",
      "location" : "https://github.com/lucaszischka/BottomSheet",
      "state" : {
        "revision" : "720ddbd1371fef2a09cc1ab65fc503df37767f9c",
        "version" : "3.1.1"
      }
    },
    {
      "identity" : "swift-syntax",
      "kind" : "remoteSourceControl",
      "location" : "https://github.com/swiftlang/swift-syntax.git",
      "state" : {
        "revision" : "79e4b74a295b6eb74a8b585e3a39d29e70c1dbd1",
        "version" : "603.0.2"
      }
    },
    {
      "identity" : "visor",
      "kind" : "remoteSourceControl",
      "location" : "https://github.com/avdn-dev/VISOR.git",
      "state" : {
        "revision" : "99850b30f35b23bae66e80648c67394aec76c0cc",
        "version" : "13.2.3"
      }
    }
  ],
  "version" : 3
}
