{
  "originHash" : "0f2988ab4b90984310982cec7f9da88a618738022e832acbd6f52f259307ee4c",
  "pins" : [
    {
      "identity" : "bottomsheet",
      "kind" : "remoteSourceControl",
      "location" : "https://github.com/lucaszischka/BottomSheet",
      "state" : {
        "revision" : "720ddbd1371fef2a09cc1ab65fc503df37767f9c",
        "version" : "3.1.1"
      }
    },
    {
      "identity" : "swift-stdlib-utils",
      "kind" : "remoteSourceControl",
      "location" : "https://github.com/floormatgen/swift-stdlib-utils",
      "state" : {
        "revision" : "c46fec5bf0f59229540fc376b2f8fe3123860776",
        "version" : "0.3.1"
      }
    },
    {
      "identity" : "swift-syntax",
      "kind" : "remoteSourceControl",
      "location" : "https://github.com/swiftlang/swift-syntax.git",
      "state" : {
        "revision" : "4799286537280063c85a32f09884cfbca301b1a1",
        "version" : "602.0.0"
      }
    },
    {
      "identity" : "visor",
      "kind" : "remoteSourceControl",
      "location" : "https://github.com/avdn-dev/VISOR.git",
      "state" : {
        "revision" : "4ba6dd8d9845c431fca0edeecff2d5efbc105045",
        "version" : "8.0.1"
      }
    }
  ],
  "version" : 3
}
